
Microsoft Visual Studio Solution File, Format Version 11.00
# Visual C++ Express 2010
Project("{8BC9CEB8-8B4A-11D0-8D11-00A0C91BC942}") = "Phys", "Phys\Phys.vcxproj", "{FF6F1D5B-5A0A-4273-BB50-CE1DC231B9BE}"
EndProject
Global
	GlobalSection(SolutionConfigurationPlatforms) = preSolution
		Debug|Win32 = Debug|Win32
		Release|Win32 = Release|Win32
	EndGlobalSection
	GlobalSection(ProjectConfigurationPlatforms) = postSolution
		{FF6F1D5B-5A0A-4273-BB50-CE1DC231B9BE}.Debug|Win32.ActiveCfg = Debug|Win32
		{FF6F1D5B-5A0A-4273-BB50-CE1DC231B9BE}.Debug|Win32.Build.0 = Debug|Win32
		{FF6F1D5B-5A0A-4273-BB50-CE1DC231B9BE}.Release|Win32.ActiveCfg = Release|Win32
		{FF6F1D5B-5A0A-4273-BB50-CE1DC231B9BE}.Release|Win32.Build.0 = Release|Win32
	EndGlobalSection
	GlobalSection(SolutionProperties) = preSolution
		HideSolutionNode = FALSE
	EndGlobalSection
EndGlobal
